PODS:
  - Flutter (1.0.0)
  - flutter_svprogresshud (0.0.7):
    - Flutter
    - flutter_svprogresshud/SVProgressHUD_Core (= 0.0.7)
  - flutter_svprogresshud/SVProgressHUD_Core (0.0.7):
    - Flutter

DEPENDENCIES:
  - Flutter (from `Flutter`)
  - flutter_svprogresshud (from `.symlinks/plugins/flutter_svprogresshud/ios`)

EXTERNAL SOURCES:
  Flutter:
    :path: Flutter
  flutter_svprogresshud:
    :path: ".symlinks/plugins/flutter_svprogresshud/ios"

SPEC CHECKSUMS:
  Flutter: 434fef37c0980e73bb6479ef766c45957d4b510c
  flutter_svprogresshud: 821512698d752572c11a1c0ad11fd359c687054e

PODFILE CHECKSUM: 324709033fdbc1fa744dac75dde748e9cf475d50

COCOAPODS: 1.10.1
